// !$*UTF8*$!
{
	archiveVersion = 1;
	classes = {
	};
	objectVersion = 77;
	objects = {

/* Begin PBXBuildFile section */
		5A9118765A16A947F15286C4 /* Assets.xcassets in Resources */ = {isa = PBXBuildFile; fileRef = 3A5EB9D310E8C91A31B2B282 /* Assets.xcassets */; };
		6AEF87C358CB3DF26A85E9FF /* SectionViews.swift in Sources */ = {isa = PBXBuildFile; fileRef = AA36529002D7298971278997 /* SectionViews.swift */; };
		71543E02F854113B6EB87F6B /* TaskRow.swift in Sources */ = {isa = PBXBuildFile; fileRef = E5DAFBD91D580F891ADCC805 /* TaskRow.swift */; };
		718F733B2775C7EA0A5EBED9 /* ContentView.swift in Sources */ = {isa = PBXBuildFile; fileRef = 0CEFD36B2EC0242553C1DEC8 /* ContentView.swift */; };
		73451F69C18BAE18F23083E5 /* BetterThingsKit in Frameworks */ = {isa = PBXBuildFile; productRef = C7E5489D31D3995D9DCBEA8A /* BetterThingsKit */; };
		8E4906C065D28AF2DF8682BA /* QuickCaptureView.swift in Sources */ = {isa = PBXBuildFile; fileRef = BADCC176B3BBB07689B0AEE2 /* QuickCaptureView.swift */; };
		CD39FB46BB035C48C6CC28BB /* EditTaskSheet.swift in Sources */ = {isa = PBXBuildFile; fileRef = 1131AB6CA3E5F29D3ECBD5A9 /* EditTaskSheet.swift */; };
		DB935D9ED03B2CDFA120D3CA /* BetterThingsApp.swift in Sources */ = {isa = PBXBuildFile; fileRef = 076C77E336BEA1E9EF04DF2A /* BetterThingsApp.swift */; };
		E9E34FB3FCCFA5BC401ED36B /* DesignTokens.swift in Sources */ = {isa = PBXBuildFile; fileRef = 88D1247B2CFD5056D7D2BD77 /* DesignTokens.swift */; };
		ED93E869F265903B5268B483 /* SidebarView.swift in Sources */ = {isa = PBXBuildFile; fileRef = 23C4054B37F2176CBE4B55B1 /* SidebarView.swift */; };
/* End PBXBuildFile section */

/* Begin PBXFileReference section */
		076C77E336BEA1E9EF04DF2A /* BetterThingsApp.swift */ = {isa = PBXFileReference; lastKnownFileType = sourcecode.swift; path = BetterThingsApp.swift; sourceTree = "<group>"; };
		0CEFD36B2EC0242553C1DEC8 /* ContentView.swift */ = {isa = PBXFileReference; lastKnownFileType = sourcecode.swift; path = ContentView.swift; sourceTree = "<group>"; };
		1131AB6CA3E5F29D3ECBD5A9 /* EditTaskSheet.swift */ = {isa = PBXFileReference; lastKnownFileType = sourcecode.swift; path = EditTaskSheet.swift; sourceTree = "<group>"; };
		23C4054B37F2176CBE4B55B1 /* SidebarView.swift */ = {isa = PBXFileReference; lastKnownFileType = sourcecode.swift; path = SidebarView.swift; sourceTree = "<group>"; };
		3A5EB9D310E8C91A31B2B282 /* Assets.xcassets */ = {isa = PBXFileReference; lastKnownFileType = folder.assetcatalog; path = Assets.xcassets; sourceTree = "<group>"; };
		7CB02F6563BF71FA5400DDBB /* Better-Things */ = {isa = PBXFileReference; lastKnownFileType = folder; name = "Better-Things"; path = .; sourceTree = SOURCE_ROOT; };
		88D1247B2CFD5056D7D2BD77 /* DesignTokens.swift */ = {isa = PBXFileReference; lastKnownFileType = sourcecode.swift; path = DesignTokens.swift; sourceTree = "<group>"; };
		AA36529002D7298971278997 /* SectionViews.swift */ = {isa = PBXFileReference; lastKnownFileType = sourcecode.swift; path = SectionViews.swift; sourceTree = "<group>"; };
		BADCC176B3BBB07689B0AEE2 /* QuickCaptureView.swift */ = {isa = PBXFileReference; lastKnownFileType = sourcecode.swift; path = QuickCaptureView.swift; sourceTree = "<group>"; };
		CA978BD8B50B10395EC53266 /* Better Things.app */ = {isa = PBXFileReference; explicitFileType = wrapper.application; includeInIndex = 0; path = "Better Things.app"; sourceTree = BUILT_PRODUCTS_DIR; };
		E5DAFBD91D580F891ADCC805 /* TaskRow.swift */ = {isa = PBXFileReference; lastKnownFileType = sourcecode.swift; path = TaskRow.swift; sourceTree = "<group>"; };
		E7E596E0D23EB3E13E5100A4 /* Info.plist */ = {isa = PBXFileReference; lastKnownFileType = text.plist; path = Info.plist; sourceTree = "<group>"; };
/* End PBXFileReference section */

/* Begin PBXFrameworksBuildPhase section */
		286748ECC32CBA6FD47F9550 /* Frameworks */ = {
			isa = PBXFrameworksBuildPhase;
			buildActionMask = 2147483647;
			files = (
				73451F69C18BAE18F23083E5 /* BetterThingsKit in Frameworks */,
			);
			runOnlyForDeploymentPostprocessing = 0;
		};
/* End PBXFrameworksBuildPhase section */

/* Begin PBXGroup section */
		8FDE3D7ED973618E5258A72E = {
			isa = PBXGroup;
			children = (
				A3DC8A8C30163CDC23CC9A26 /* App */,
				EB34646C149EE88CE6050A97 /* Packages */,
				9C4100964B318F2C89FAC093 /* Products */,
			);
			sourceTree = "<group>";
		};
		9C4100964B318F2C89FAC093 /* Products */ = {
			isa = PBXGroup;
			children = (
				CA978BD8B50B10395EC53266 /* Better Things.app */,
			);
			name = Products;
			sourceTree = "<group>";
		};
		A3DC8A8C30163CDC23CC9A26 /* App */ = {
			isa = PBXGroup;
			children = (
				3A5EB9D310E8C91A31B2B282 /* Assets.xcassets */,
				076C77E336BEA1E9EF04DF2A /* BetterThingsApp.swift */,
				0CEFD36B2EC0242553C1DEC8 /* ContentView.swift */,
				88D1247B2CFD5056D7D2BD77 /* DesignTokens.swift */,
				1131AB6CA3E5F29D3ECBD5A9 /* EditTaskSheet.swift */,
				E7E596E0D23EB3E13E5100A4 /* Info.plist */,
				BADCC176B3BBB07689B0AEE2 /* QuickCaptureView.swift */,
				AA36529002D7298971278997 /* SectionViews.swift */,
				23C4054B37F2176CBE4B55B1 /* SidebarView.swift */,
				E5DAFBD91D580F891ADCC805 /* TaskRow.swift */,
			);
			path = App;
			sourceTree = "<group>";
		};
		EB34646C149EE88CE6050A97 /* Packages */ = {
			isa = PBXGroup;
			children = (
				7CB02F6563BF71FA5400DDBB /* Better-Things */,
			);
			name = Packages;
			sourceTree = "<group>";
		};
/* End PBXGroup section */

/* Begin PBXNativeTarget section */
		8473BEEC9BC5FD44BE264B87 /* Better Things */ = {
			isa = PBXNativeTarget;
			buildConfigurationList = 174594EF4ABA8D4554E8A173 /* Build configuration list for PBXNativeTarget "Better Things" */;
			buildPhases = (
				86C6E8705164529F21CB0E4F /* Sources */,
				F6026A84A225B0737D83E8A3 /* Resources */,
				286748ECC32CBA6FD47F9550 /* Frameworks */,
			);
			buildRules = (
			);
			dependencies = (
			);
			name = "Better Things";
			packageProductDependencies = (
				C7E5489D31D3995D9DCBEA8A /* BetterThingsKit */,
			);
			productName = "Better Things";
			productReference = CA978BD8B50B10395EC53266 /* Better Things.app */;
			productType = "com.apple.product-type.application";
		};
/* End PBXNativeTarget section */

/* Begin PBXProject section */
		7019CF8F68832094BD44B59D /* Project object */ = {
			isa = PBXProject;
			attributes = {
				BuildIndependentTargetsInParallel = YES;
				LastUpgradeCheck = 1430;
				TargetAttributes = {
				};
			};
			buildConfigurationList = 6BD1E893811A334D4F572488 /* Build configuration list for PBXProject "Better-Things" */;
			developmentRegion = en;
			hasScannedForEncodings = 0;
			knownRegions = (
				Base,
				en,
			);
			mainGroup = 8FDE3D7ED973618E5258A72E;
			minimizedProjectReferenceProxies = 1;
			packageReferences = (
				691C64BDF77C106A0A992342 /* XCLocalSwiftPackageReference "." */,
			);
			preferredProjectObjectVersion = 77;
			productRefGroup = 9C4100964B318F2C89FAC093 /* Products */;
			projectDirPath = "";
			projectRoot = "";
			targets = (
				8473BEEC9BC5FD44BE264B87 /* Better Things */,
			);
		};
/* End PBXProject section */

/* Begin PBXResourcesBuildPhase section */
		F6026A84A225B0737D83E8A3 /* Resources */ = {
			isa = PBXResourcesBuildPhase;
			buildActionMask = 2147483647;
			files = (
				5A9118765A16A947F15286C4 /* Assets.xcassets in Resources */,
			);
			runOnlyForDeploymentPostprocessing = 0;
		};
/* End PBXResourcesBuildPhase section */

/* Begin PBXSourcesBuildPhase section */
		86C6E8705164529F21CB0E4F /* Sources */ = {
			isa = PBXSourcesBuildPhase;
			buildActionMask = 2147483647;
			files = (
				DB935D9ED03B2CDFA120D3CA /* BetterThingsApp.swift in Sources */,
				718F733B2775C7EA0A5EBED9 /* ContentView.swift in Sources */,
				E9E34FB3FCCFA5BC401ED36B /* DesignTokens.swift in Sources */,
				CD39FB46BB035C48C6CC28BB /* EditTaskSheet.swift in Sources */,
				8E4906C065D28AF2DF8682BA /* QuickCaptureView.swift in Sources */,
				6AEF87C358CB3DF26A85E9FF /* SectionViews.swift in Sources */,
				ED93E869F265903B5268B483 /* SidebarView.swift in Sources */,
				71543E02F854113B6EB87F6B /* TaskRow.swift in Sources */,
			);
			runOnlyForDeploymentPostprocessing = 0;
		};
/* End PBXSourcesBuildPhase section */

/* Begin XCBuildConfiguration section */
		1E3590AFBFF979AAF98CB57A /* Debug */ = {
			isa = XCBuildConfiguration;
			buildSettings = {
				ALWAYS_SEARCH_USER_PATHS = NO;
				CLANG_ANALYZER_NONNULL = YES;
				CLANG_ANALYZER_NUMBER_OBJECT_CONVERSION = YES_AGGRESSIVE;
				CLANG_CXX_LANGUAGE_STANDARD = "gnu++14";
				CLANG_CXX_LIBRARY = "libc++";
				CLANG_ENABLE_MODULES = YES;
				CLANG_ENABLE_OBJC_ARC = YES;
				CLANG_ENABLE_OBJC_WEAK = YES;
				CLANG_WARN_BLOCK_CAPTURE_AUTORELEASING = YES;
				CLANG_WARN_BOOL_CONVERSION = YES;
				CLANG_WARN_COMMA = YES;
				CLANG_WARN_CONSTANT_CONVERSION = YES;
				CLANG_WARN_DEPRECATED_OBJC_IMPLEMENTATIONS = YES;
				CLANG_WARN_DIRECT_OBJC_ISA_USAGE = YES_ERROR;
				CLANG_WARN_DOCUMENTATION_COMMENTS = YES;
				CLANG_WARN_EMPTY_BODY = YES;
				CLANG_WARN_ENUM_CONVERSION = YES;
				CLANG_WARN_INFINITE_RECURSION = YES;
				CLANG_WARN_INT_CONVERSION = YES;
				CLANG_WARN_NON_LITERAL_NULL_CONVERSION = YES;
				CLANG_WARN_OBJC_IMPLICIT_RETAIN_SELF = YES;
				CLANG_WARN_OBJC_LITERAL_CONVERSION = YES;
				CLANG_WARN_OBJC_ROOT_CLASS = YES_ERROR;
				CLANG_WARN_QUOTED_INCLUDE_IN_FRAMEWORK_HEADER = YES;
				CLANG_WARN_RANGE_LOOP_ANALYSIS = YES;
				CLANG_WARN_STRICT_PROTOTYPES = YES;
				CLANG_WARN_SUSPICIOUS_MOVE = YES;
				CLANG_WARN_UNGUARDED_AVAILABILITY = YES_AGGRESSIVE;
				CLANG_WARN_UNREACHABLE_CODE = YES;
				CLANG_WARN__DUPLICATE_METHOD_MATCH = YES;
				COPY_PHASE_STRIP = NO;
				DEBUG_INFORMATION_FORMAT = dwarf;
				ENABLE_STRICT_OBJC_MSGSEND = YES;
				ENABLE_TESTABILITY = YES;
				GCC_C_LANGUAGE_STANDARD = gnu11;
				GCC_DYNAMIC_NO_PIC = NO;
				GCC_NO_COMMON_BLOCKS = YES;
				GCC_OPTIMIZATION_LEVEL = 0;
				GCC_PREPROCESSOR_DEFINITIONS = (
					"$(inherited)",
					"DEBUG=1",
				);
				GCC_WARN_64_TO_32_BIT_CONVERSION = YES;
				GCC_WARN_ABOUT_RETURN_TYPE = YES_ERROR;
				GCC_WARN_UNDECLARED_SELECTOR = YES;
				GCC_WARN_UNINITIALIZED_AUTOS = YES_AGGRESSIVE;
				GCC_WARN_UNUSED_FUNCTION = YES;
				GCC_WARN_UNUSED_VARIABLE = YES;
				MACOSX_DEPLOYMENT_TARGET = 15.0;
				MTL_ENABLE_DEBUG_INFO = INCLUDE_SOURCE;
				MTL_FAST_MATH = YES;
				ONLY_ACTIVE_ARCH = YES;
				PRODUCT_NAME = "$(TARGET_NAME)";
				SDKROOT = macosx;
				SWIFT_ACTIVE_COMPILATION_CONDITIONS = DEBUG;
				SWIFT_OPTIMIZATION_LEVEL = "-Onone";
				SWIFT_VERSION = 5.0;
			};
			name = Debug;
		};
		A090713A7E79B32BD5E8CAC8 /* Debug */ = {
			isa = XCBuildConfiguration;
			buildSettings = {
				ASSETCATALOG_COMPILER_APPICON_NAME = AppIcon;
				COMBINE_HIDPI_IMAGES = YES;
				INFOPLIST_FILE = App/Info.plist;
				LD_RUNPATH_SEARCH_PATHS = (
					"$(inherited)",
					"@executable_path/../Frameworks",
				);
				PRODUCT_BUNDLE_IDENTIFIER = com.betterthings.BetterThings;
				SDKROOT = macosx;
			};
			name = Debug;
		};
		C07953AF338B8F266CF6F953 /* Release */ = {
			isa = XCBuildConfiguration;
			buildSettings = {
				ALWAYS_SEARCH_USER_PATHS = NO;
				CLANG_ANALYZER_NONNULL = YES;
				CLANG_ANALYZER_NUMBER_OBJECT_CONVERSION = YES_AGGRESSIVE;
				CLANG_CXX_LANGUAGE_STANDARD = "gnu++14";
				CLANG_CXX_LIBRARY = "libc++";
				CLANG_ENABLE_MODULES = YES;
				CLANG_ENABLE_OBJC_ARC = YES;
				CLANG_ENABLE_OBJC_WEAK = YES;
				CLANG_WARN_BLOCK_CAPTURE_AUTORELEASING = YES;
				CLANG_WARN_BOOL_CONVERSION = YES;
				CLANG_WARN_COMMA = YES;
				CLANG_WARN_CONSTANT_CONVERSION = YES;
				CLANG_WARN_DEPRECATED_OBJC_IMPLEMENTATIONS = YES;
				CLANG_WARN_DIRECT_OBJC_ISA_USAGE = YES_ERROR;
				CLANG_WARN_DOCUMENTATION_COMMENTS = YES;
				CLANG_WARN_EMPTY_BODY = YES;
				CLANG_WARN_ENUM_CONVERSION = YES;
				CLANG_WARN_INFINITE_RECURSION = YES;
				CLANG_WARN_INT_CONVERSION = YES;
				CLANG_WARN_NON_LITERAL_NULL_CONVERSION = YES;
				CLANG_WARN_OBJC_IMPLICIT_RETAIN_SELF = YES;
				CLANG_WARN_OBJC_LITERAL_CONVERSION = YES;
				CLANG_WARN_OBJC_ROOT_CLASS = YES_ERROR;
				CLANG_WARN_QUOTED_INCLUDE_IN_FRAMEWORK_HEADER = YES;
				CLANG_WARN_RANGE_LOOP_ANALYSIS = YES;
				CLANG_WARN_STRICT_PROTOTYPES = YES;
				CLANG_WARN_SUSPICIOUS_MOVE = YES;
				CLANG_WARN_UNGUARDED_AVAILABILITY = YES_AGGRESSIVE;
				CLANG_WARN_UNREACHABLE_CODE = YES;
				CLANG_WARN__DUPLICATE_METHOD_MATCH = YES;
				COPY_PHASE_STRIP = NO;
				DEBUG_INFORMATION_FORMAT = "dwarf-with-dsym";
				ENABLE_NS_ASSERTIONS = NO;
				ENABLE_STRICT_OBJC_MSGSEND = YES;
				GCC_C_LANGUAGE_STANDARD = gnu11;
				GCC_NO_COMMON_BLOCKS = YES;
				GCC_WARN_64_TO_32_BIT_CONVERSION = YES;
				GCC_WARN_ABOUT_RETURN_TYPE = YES_ERROR;
				GCC_WARN_UNDECLARED_SELECTOR = YES;
				GCC_WARN_UNINITIALIZED_AUTOS = YES_AGGRESSIVE;
				GCC_WARN_UNUSED_FUNCTION = YES;
				GCC_WARN_UNUSED_VARIABLE = YES;
				MACOSX_DEPLOYMENT_TARGET = 15.0;
				MTL_ENABLE_DEBUG_INFO = NO;
				MTL_FAST_MATH = YES;
				PRODUCT_NAME = "$(TARGET_NAME)";
				SDKROOT = macosx;
				SWIFT_COMPILATION_MODE = wholemodule;
				SWIFT_OPTIMIZATION_LEVEL = "-O";
				SWIFT_VERSION = 5.0;
			};
			name = Release;
		};
		F91B489628CA0298B50DC339 /* Release */ = {
			isa = XCBuildConfiguration;
			buildSettings = {
				ASSETCATALOG_COMPILER_APPICON_NAME = AppIcon;
				COMBINE_HIDPI_IMAGES = YES;
				INFOPLIST_FILE = App/Info.plist;
				LD_RUNPATH_SEARCH_PATHS = (
					"$(inherited)",
					"@executable_path/../Frameworks",
				);
				PRODUCT_BUNDLE_IDENTIFIER = com.betterthings.BetterThings;
				SDKROOT = macosx;
			};
			name = Release;
		};
/* End XCBuildConfiguration section */

/* Begin XCConfigurationList section */
		174594EF4ABA8D4554E8A173 /* Build configuration list for PBXNativeTarget "Better Things" */ = {
			isa = XCConfigurationList;
			buildConfigurations = (
				A090713A7E79B32BD5E8CAC8 /* Debug */,
				F91B489628CA0298B50DC339 /* Release */,
			);
			defaultConfigurationIsVisible = 0;
			defaultConfigurationName = Debug;
		};
		6BD1E893811A334D4F572488 /* Build configuration list for PBXProject "Better-Things" */ = {
			isa = XCConfigurationList;
			buildConfigurations = (
				1E3590AFBFF979AAF98CB57A /* Debug */,
				C07953AF338B8F266CF6F953 /* Release */,
			);
			defaultConfigurationIsVisible = 0;
			defaultConfigurationName = Debug;
		};
/* End XCConfigurationList section */

/* Begin XCLocalSwiftPackageReference section */
		691C64BDF77C106A0A992342 /* XCLocalSwiftPackageReference "." */ = {
			isa = XCLocalSwiftPackageReference;
			relativePath = .;
		};
/* End XCLocalSwiftPackageReference section */

/* Begin XCSwiftPackageProductDependency section */
		C7E5489D31D3995D9DCBEA8A /* BetterThingsKit */ = {
			isa = XCSwiftPackageProductDependency;
			productName = BetterThingsKit;
		};
/* End XCSwiftPackageProductDependency section */
	};
	rootObject = 7019CF8F68832094BD44B59D /* Project object */;
}
